<?xml version="1.0" encoding="utf-8"?>
<Project ToolsVersion="4.0" xmlns="http://schemas.microsoft.com/developer/msbuild/2003">
  <ItemGroup>
    <Filter Include="Source Files">
      <UniqueIdentifier>{4FC737F1-C7A5-4376-A066-2A32D752A2FF}</UniqueIdentifier>
      <Extensions>cpp;c;cc;cxx;def;odl;idl;hpj;bat;asm;asmx</Extensions>
    </Filter>
    <Filter Include="Header Files">
      <UniqueIdentifier>{93995380-89BD-4b04-88EB-625FBE52EBFB}</UniqueIdentifier>
      <Extensions>h;hh;hpp;hxx;hm;inl;inc;ipp;xsd</Extensions>
    </Filter>
    <Filter Include="Resource Files">
      <UniqueIdentifier>{67DA6AB6-F800-4c08-8B7A-83BB121AAD01}</UniqueIdentifier>
      <Extensions>rc;ico;cur;bmp;dlg;rc2;rct;bin;rgs;gif;jpg;jpeg;jpe;resx;tiff;tif;png;wav;mfcribbon-ms</Extensions>
    </Filter>
    <Filter Include="Source Files\Utils">
      <UniqueIdentifier>{39ec8e09-99ad-477d-b40c-865d7271877d}</UniqueIdentifier>
    </Filter>
    <Filter Include="Header Files\Utils">
      <UniqueIdentifier>{fa0819bb-1a0d-40d8-9c93-2bbd8cb13ef0}</UniqueIdentifier>
    </Filter>
    <Filter Include="Source Files\Shaders">
      <UniqueIdentifier>{2dd72279-83f5-4ce6-a6b7-d1e2163c7dbf}</UniqueIdentifier>
    </Filter>
    <Filter Include="Resource Files\Shaders">
      <UniqueIdentifier>{089d3d5d-c0d4-42f1-8ca0-8c61837f794b}</UniqueIdentifier>
    </Filter>
    <Filter Include="Header Files\Shaders">
      <UniqueIdentifier>{f8c26b61-2e57-4e86-9a87-2e39fd584dcc}</UniqueIdentifier>
    </Filter>
    <Filter Include="Source Files\Mathematics">
      <UniqueIdentifier>{1bb12520-5927-49b3-b5e6-75b9bcdb074e}</UniqueIdentifier>
    </Filter>
    <Filter Include="Header Files\Mathematics">
      <UniqueIdentifier>{00e39228-9481-4584-b978-8b2aae1c0b4d}</UniqueIdentifier>
    </Filter>
    <Filter Include="Source Files\Generation">
      <UniqueIdentifier>{e4107496-d96e-4827-b6c1-61833f53dab4}</UniqueIdentifier>
    </Filter>
    <Filter Include="Header Files\Generation">
      <UniqueIdentifier>{d9389b0e-c675-423b-aa76-0bb9024620f4}</UniqueIdentifier>
    </Filter>
    <Filter Include="Source Files\Objects">
      <UniqueIdentifier>{2f5834c4-795f-4fda-8733-2a7313d8bfed}</UniqueIdentifier>
    </Filter>
    <Filter Include="Header Files\Objects">
      <UniqueIdentifier>{a2f414ff-284a-4840-a0ee-a6c2da220c12}</UniqueIdentifier>
    </Filter>
  </ItemGroup>
  <ItemGroup>
    <ClCompile Include="ProceduralGeneration.cpp">
      <Filter>Source Files</Filter>
    </ClCompile>
    <ClCompile Include="glad.c">
      <Filter>Source Files</Filter>
    </ClCompile>
    <ClCompile Include="Utils\Camera.cpp">
      <Filter>Source Files\Utils</Filter>
    </ClCompile>
    <ClCompile Include="Utils\Keyboard.cpp">
      <Filter>Source Files\Utils</Filter>
    </ClCompile>
    <ClCompile Include="Utils\Timer.cpp">
      <Filter>Source Files\Utils</Filter>
    </ClCompile>
    <ClCompile Include="Utils\WindowDisplay.cpp">
      <Filter>Source Files\Utils</Filter>
    </ClCompile>
    <ClCompile Include="Shaders\Shader.cpp">
      <Filter>Source Files\Shaders</Filter>
    </ClCompile>
    <ClCompile Include="Mathematics\Transform.cpp">
      <Filter>Source Files\Mathematics</Filter>
    </ClCompile>
    <ClCompile Include="Mathematics\Vertex.cpp">
      <Filter>Source Files\Mathematics</Filter>
    </ClCompile>
    <ClCompile Include="Generation\Generator.cpp">
      <Filter>Source Files\Generation</Filter>
    </ClCompile>
    <ClCompile Include="Objects\GeneratedObject.cpp">
      <Filter>Source Files\Objects</Filter>
    </ClCompile>
    <ClCompile Include="Objects\Mesh.cpp">
      <Filter>Source Files\Objects</Filter>
    </ClCompile>
    <ClCompile Include="Objects\Texture.cpp">
      <Filter>Source Files\Objects</Filter>
    </ClCompile>
    <ClCompile Include="Objects\SkyBox.cpp">
      <Filter>Source Files\Objects</Filter>
    </ClCompile>
  </ItemGroup>
  <ItemGroup>
    <ClInclude Include="Utils\Camera.h">
      <Filter>Header Files\Utils</Filter>
    </ClInclude>
    <ClInclude Include="Utils\Keyboard.h">
      <Filter>Header Files\Utils</Filter>
    </ClInclude>
    <ClInclude Include="Utils\Timer.h">
      <Filter>Header Files\Utils</Filter>
    </ClInclude>
    <ClInclude Include="Utils\WindowDisplay.h">
      <Filter>Header Files\Utils</Filter>
    </ClInclude>
    <ClInclude Include="Shaders\Shader.h">
      <Filter>Header Files\Shaders</Filter>
    </ClInclude>
    <ClInclude Include="Mathematics\Vertex.h">
      <Filter>Header Files\Mathematics</Filter>
    </ClInclude>
    <ClInclude Include="Mathematics\Transform.h">
      <Filter>Header Files\Mathematics</Filter>
    </ClInclude>
    <ClInclude Include="Generation\Generator.h">
      <Filter>Header Files\Generation</Filter>
    </ClInclude>
    <ClInclude Include="Objects\GeneratedObject.h">
      <Filter>Header Files\Objects</Filter>
    </ClInclude>
    <ClInclude Include="Objects\Mesh.h">
      <Filter>Header Files\Objects</Filter>
    </ClInclude>
    <ClInclude Include="Objects\Texture.h">
      <Filter>Header Files\Objects</Filter>
    </ClInclude>
    <ClInclude Include="Objects\SkyBox.h">
      <Filter>Header Files\Objects</Filter>
    </ClInclude>
  </ItemGroup>
  <ItemGroup>
    <None Include="Resources\Shaders\FragmentGroundShader.glsl">
      <Filter>Resource Files\Shaders</Filter>
    </None>
    <None Include="Resources\Shaders\FragmentWaterShader.glsl">
      <Filter>Resource Files\Shaders</Filter>
    </None>
    <None Include="Resources\Shaders\VertexGroundShader.glsl">
      <Filter>Resource Files\Shaders</Filter>
    </None>
    <None Include="Resources\Shaders\VertexWaterShader.glsl">
      <Filter>Resource Files\Shaders</Filter>
    </None>
    <None Include="Resources\Shaders\FragmentSkyBoxShader.glsl">
      <Filter>Resource Files\Shaders</Filter>
    </None>
    <None Include="Resources\Shaders\VertexSkyBoxShader.glsl">
      <Filter>Resource Files\Shaders</Filter>
    </None>
    <None Include="Resources\Shaders\FragmentCloudsShader.glsl">
      <Filter>Resource Files\Shaders</Filter>
    </None>
    <None Include="Resources\Shaders\VertexCloudsShader.glsl">
      <Filter>Resource Files\Shaders</Filter>
    </None>
  </ItemGroup>
</Project>